
Microsoft Visual Studio Solution File, Format Version 12.00
# Visual Studio Version 17
VisualStudioVersion = 17.11.35327.3
MinimumVisualStudioVersion = 10.0.40219.1
Project("{2150E333-8FDC-42A3-9474-1A3956D46DE8}") = "0_Base", "0_Base", "{93A784F7-9757-4796-B8B5-8C9AE7BC5C1A}"
EndProject
Project("{2150E333-8FDC-42A3-9474-1A3956D46DE8}") = "1_OS", "1_OS", "{3EF28BF7-1C98-4553-BA6F-265CA25742EB}"
EndProject
Project("{2150E333-8FDC-42A3-9474-1A3956D46DE8}") = "2_Engine", "2_Engine", "{5ADA921A-3096-4152-AEDC-3179894E2309}"
EndProject
Project("{2150E333-8FDC-42A3-9474-1A3956D46DE8}") = "3_Contents", "3_Contents", "{E8C14192-1B18-4EC0-AB8F-30E3E04C2ECD}"
EndProject
Project("{2150E333-8FDC-42A3-9474-1A3956D46DE8}") = "4_App", "4_App", "{7910025F-27FE-46EB-AB72-9952B8DE344C}"
EndProject
Project("{8BC9CEB8-8B4A-11D0-8D11-00A0C91BC942}") = "EngineBase", "EngineBase\EngineBase.vcxproj", "{47E3AAD8-CC6C-46C3-86C8-B7CA1A81DA66}"
EndProject
Project("{8BC9CEB8-8B4A-11D0-8D11-00A0C91BC942}") = "EnginePlatform", "EnginePlatform\EnginePlatform.vcxproj", "{78CAED5B-B8C1-4EDD-9AB1-2BC70AE49E60}"
	ProjectSection(ProjectDependencies) = postProject
		{47E3AAD8-CC6C-46C3-86C8-B7CA1A81DA66} = {47E3AAD8-CC6C-46C3-86C8-B7CA1A81DA66}
	EndProjectSection
EndProject
Project("{8BC9CEB8-8B4A-11D0-8D11-00A0C91BC942}") = "EngineCore", "EngineCore\EngineCore.vcxproj", "{CB924434-82AE-4BF8-BC99-5F1A64E5C0F0}"
	ProjectSection(ProjectDependencies) = postProject
		{47E3AAD8-CC6C-46C3-86C8-B7CA1A81DA66} = {47E3AAD8-CC6C-46C3-86C8-B7CA1A81DA66}
		{78CAED5B-B8C1-4EDD-9AB1-2BC70AE49E60} = {78CAED5B-B8C1-4EDD-9AB1-2BC70AE49E60}
	EndProjectSection
EndProject
Project("{8BC9CEB8-8B4A-11D0-8D11-00A0C91BC942}") = "ContentsProject", "ContentsProject\ContentsProject.vcxproj", "{82E9CF24-AD0E-4733-94A5-5A402E41D059}"
	ProjectSection(ProjectDependencies) = postProject
		{47E3AAD8-CC6C-46C3-86C8-B7CA1A81DA66} = {47E3AAD8-CC6C-46C3-86C8-B7CA1A81DA66}
		{78CAED5B-B8C1-4EDD-9AB1-2BC70AE49E60} = {78CAED5B-B8C1-4EDD-9AB1-2BC70AE49E60}
		{CB924434-82AE-4BF8-BC99-5F1A64E5C0F0} = {CB924434-82AE-4BF8-BC99-5F1A64E5C0F0}
	EndProjectSection
EndProject
Project("{8BC9CEB8-8B4A-11D0-8D11-00A0C91BC942}") = "App", "App\App.vcxproj", "{36D9060B-0D39-4AB5-907F-88AE1401D18A}"
	ProjectSection(ProjectDependencies) = postProject
		{47E3AAD8-CC6C-46C3-86C8-B7CA1A81DA66} = {47E3AAD8-CC6C-46C3-86C8-B7CA1A81DA66}
		{78CAED5B-B8C1-4EDD-9AB1-2BC70AE49E60} = {78CAED5B-B8C1-4EDD-9AB1-2BC70AE49E60}
		{82E9CF24-AD0E-4733-94A5-5A402E41D059} = {82E9CF24-AD0E-4733-94A5-5A402E41D059}
		{CB924434-82AE-4BF8-BC99-5F1A64E5C0F0} = {CB924434-82AE-4BF8-BC99-5F1A64E5C0F0}
	EndProjectSection
EndProject
Global
	GlobalSection(SolutionConfigurationPlatforms) = preSolution
		Debug|x64 = Debug|x64
		Debug|x86 = Debug|x86
		Release|x64 = Release|x64
		Release|x86 = Release|x86
	EndGlobalSection
	GlobalSection(ProjectConfigurationPlatforms) = postSolution
		{47E3AAD8-CC6C-46C3-86C8-B7CA1A81DA66}.Debug|x64.ActiveCfg = Debug|x64
		{47E3AAD8-CC6C-46C3-86C8-B7CA1A81DA66}.Debug|x64.Build.0 = Debug|x64
		{47E3AAD8-CC6C-46C3-86C8-B7CA1A81DA66}.Debug|x86.ActiveCfg = Debug|Win32
		{47E3AAD8-CC6C-46C3-86C8-B7CA1A81DA66}.Debug|x86.Build.0 = Debug|Win32
		{47E3AAD8-CC6C-46C3-86C8-B7CA1A81DA66}.Release|x64.ActiveCfg = Release|x64
		{47E3AAD8-CC6C-46C3-86C8-B7CA1A81DA66}.Release|x64.Build.0 = Release|x64
		{47E3AAD8-CC6C-46C3-86C8-B7CA1A81DA66}.Release|x86.ActiveCfg = Release|Win32
		{47E3AAD8-CC6C-46C3-86C8-B7CA1A81DA66}.Release|x86.Build.0 = Release|Win32
		{78CAED5B-B8C1-4EDD-9AB1-2BC70AE49E60}.Debug|x64.ActiveCfg = Debug|x64
		{78CAED5B-B8C1-4EDD-9AB1-2BC70AE49E60}.Debug|x64.Build.0 = Debug|x64
		{78CAED5B-B8C1-4EDD-9AB1-2BC70AE49E60}.Debug|x86.ActiveCfg = Debug|Win32
		{78CAED5B-B8C1-4EDD-9AB1-2BC70AE49E60}.Debug|x86.Build.0 = Debug|Win32
		{78CAED5B-B8C1-4EDD-9AB1-2BC70AE49E60}.Release|x64.ActiveCfg = Release|x64
		{78CAED5B-B8C1-4EDD-9AB1-2BC70AE49E60}.Release|x64.Build.0 = Release|x64
		{78CAED5B-B8C1-4EDD-9AB1-2BC70AE49E60}.Release|x86.ActiveCfg = Release|Win32
		{78CAED5B-B8C1-4EDD-9AB1-2BC70AE49E60}.Release|x86.Build.0 = Release|Win32
		{CB924434-82AE-4BF8-BC99-5F1A64E5C0F0}.Debug|x64.ActiveCfg = Debug|x64
		{CB924434-82AE-4BF8-BC99-5F1A64E5C0F0}.Debug|x64.Build.0 = Debug|x64
		{CB924434-82AE-4BF8-BC99-5F1A64E5C0F0}.Debug|x86.ActiveCfg = Debug|Win32
		{CB924434-82AE-4BF8-BC99-5F1A64E5C0F0}.Debug|x86.Build.0 = Debug|Win32
		{CB924434-82AE-4BF8-BC99-5F1A64E5C0F0}.Release|x64.ActiveCfg = Release|x64
		{CB924434-82AE-4BF8-BC99-5F1A64E5C0F0}.Release|x64.Build.0 = Release|x64
		{CB924434-82AE-4BF8-BC99-5F1A64E5C0F0}.Release|x86.ActiveCfg = Release|Win32
		{CB924434-82AE-4BF8-BC99-5F1A64E5C0F0}.Release|x86.Build.0 = Release|Win32
		{82E9CF24-AD0E-4733-94A5-5A402E41D059}.Debug|x64.ActiveCfg = Debug|x64
		{82E9CF24-AD0E-4733-94A5-5A402E41D059}.Debug|x64.Build.0 = Debug|x64
		{82E9CF24-AD0E-4733-94A5-5A402E41D059}.Debug|x86.ActiveCfg = Debug|Win32
		{82E9CF24-AD0E-4733-94A5-5A402E41D059}.Debug|x86.Build.0 = Debug|Win32
		{82E9CF24-AD0E-4733-94A5-5A402E41D059}.Release|x64.ActiveCfg = Release|x64
		{82E9CF24-AD0E-4733-94A5-5A402E41D059}.Release|x64.Build.0 = Release|x64
		{82E9CF24-AD0E-4733-94A5-5A402E41D059}.Release|x86.ActiveCfg = Release|Win32
		{82E9CF24-AD0E-4733-94A5-5A402E41D059}.Release|x86.Build.0 = Release|Win32
		{36D9060B-0D39-4AB5-907F-88AE1401D18A}.Debug|x64.ActiveCfg = Debug|x64
		{36D9060B-0D39-4AB5-907F-88AE1401D18A}.Debug|x64.Build.0 = Debug|x64
		{36D9060B-0D39-4AB5-907F-88AE1401D18A}.Debug|x86.ActiveCfg = Debug|Win32
		{36D9060B-0D39-4AB5-907F-88AE1401D18A}.Debug|x86.Build.0 = Debug|Win32
		{36D9060B-0D39-4AB5-907F-88AE1401D18A}.Release|x64.ActiveCfg = Release|x64
		{36D9060B-0D39-4AB5-907F-88AE1401D18A}.Release|x64.Build.0 = Release|x64
		{36D9060B-0D39-4AB5-907F-88AE1401D18A}.Release|x86.ActiveCfg = Release|Win32
		{36D9060B-0D39-4AB5-907F-88AE1401D18A}.Release|x86.Build.0 = Release|Win32
	EndGlobalSection
	GlobalSection(SolutionProperties) = preSolution
		HideSolutionNode = FALSE
	EndGlobalSection
	GlobalSection(NestedProjects) = preSolution
		{47E3AAD8-CC6C-46C3-86C8-B7CA1A81DA66} = {93A784F7-9757-4796-B8B5-8C9AE7BC5C1A}
		{78CAED5B-B8C1-4EDD-9AB1-2BC70AE49E60} = {3EF28BF7-1C98-4553-BA6F-265CA25742EB}
		{CB924434-82AE-4BF8-BC99-5F1A64E5C0F0} = {5ADA921A-3096-4152-AEDC-3179894E2309}
		{82E9CF24-AD0E-4733-94A5-5A402E41D059} = {E8C14192-1B18-4EC0-AB8F-30E3E04C2ECD}
		{36D9060B-0D39-4AB5-907F-88AE1401D18A} = {7910025F-27FE-46EB-AB72-9952B8DE344C}
	EndGlobalSection
	GlobalSection(ExtensibilityGlobals) = postSolution
		SolutionGuid = {C7EB53EF-AD3A-4A44-BADB-B977EF58D77E}
	EndGlobalSection
EndGlobal
