<?xml version="1.0" encoding="utf-8"?>
<Project ToolsVersion="4.0" xmlns="http://schemas.microsoft.com/developer/msbuild/2003">
  <ItemGroup>
    <Filter Include="ContentsObject">
      <UniqueIdentifier>{61aaf6f3-cb05-4410-8453-6a25d078d8df}</UniqueIdentifier>
    </Filter>
    <Filter Include="PreCompile">
      <UniqueIdentifier>{ef81e9e8-a3fb-4378-98e6-fbde807770a4}</UniqueIdentifier>
    </Filter>
    <Filter Include="ContentsObject\Global">
      <UniqueIdentifier>{e5f576e1-47d7-4c69-aaf3-f35a6a1c148c}</UniqueIdentifier>
    </Filter>
    <Filter Include="ContentsObject\Play">
      <UniqueIdentifier>{6affa9df-cb72-4732-8c45-68ea0ba24e39}</UniqueIdentifier>
    </Filter>
    <Filter Include="Core">
      <UniqueIdentifier>{dc359422-6fbf-4ba6-8db5-bc99bb3b6e70}</UniqueIdentifier>
    </Filter>
    <Filter Include="ContentsObject\Title">
      <UniqueIdentifier>{efcb1657-3e8d-4285-8c6e-07d37908b794}</UniqueIdentifier>
    </Filter>
    <Filter Include="Global">
      <UniqueIdentifier>{bb8374ab-1304-4494-b404-7f7b3f9f5a48}</UniqueIdentifier>
    </Filter>
    <Filter Include="ContentsObject\End">
      <UniqueIdentifier>{46649ed2-2de2-427c-a35a-ef3081f7ea24}</UniqueIdentifier>
    </Filter>
    <Filter Include="ContentsObject\Monster">
      <UniqueIdentifier>{88d851b0-7ba5-45ad-a492-d92340e30654}</UniqueIdentifier>
    </Filter>
  </ItemGroup>
  <ItemGroup>
    <ClCompile Include="PreCompile.cpp">
      <Filter>PreCompile</Filter>
    </ClCompile>
    <ClCompile Include="IsaacContentsCore.cpp">
      <Filter>Core</Filter>
    </ClCompile>
    <ClCompile Include="TitleLogo.cpp">
      <Filter>ContentsObject\Title</Filter>
    </ClCompile>
    <ClCompile Include="ContentsEnum.cpp">
      <Filter>Global</Filter>
    </ClCompile>
    <ClCompile Include="EndingCredit.cpp">
      <Filter>ContentsObject\End</Filter>
    </ClCompile>
    <ClCompile Include="Room.cpp">
      <Filter>ContentsObject\Play</Filter>
    </ClCompile>
    <ClCompile Include="PlayGameMode.cpp">
      <Filter>ContentsObject\Play</Filter>
    </ClCompile>
    <ClCompile Include="TitleGameMode.cpp">
      <Filter>ContentsObject\Title</Filter>
    </ClCompile>
    <ClCompile Include="EndGameMode.cpp">
      <Filter>ContentsObject\End</Filter>
    </ClCompile>
    <ClCompile Include="Door.cpp">
      <Filter>ContentsObject\Play</Filter>
    </ClCompile>
    <ClCompile Include="Tear.cpp">
      <Filter>ContentsObject\Play</Filter>
    </ClCompile>
    <ClCompile Include="Isaac.cpp">
      <Filter>ContentsObject\Play</Filter>
    </ClCompile>
    <ClCompile Include="PurpleFly.cpp">
      <Filter>ContentsObject\Monster</Filter>
    </ClCompile>
    <ClCompile Include="RoundWorm.cpp">
      <Filter>ContentsObject\Monster</Filter>
    </ClCompile>
    <ClCompile Include="MonsterTear.cpp">
      <Filter>ContentsObject\Play</Filter>
    </ClCompile>
    <ClCompile Include="Dip.cpp">
      <Filter>ContentsObject\Monster</Filter>
    </ClCompile>
  </ItemGroup>
  <ItemGroup>
    <ClInclude Include="PreCompile.h">
      <Filter>PreCompile</Filter>
    </ClInclude>
    <ClInclude Include="IsaacContentsCore.h">
      <Filter>Core</Filter>
    </ClInclude>
    <ClInclude Include="TitleLogo.h">
      <Filter>ContentsObject\Title</Filter>
    </ClInclude>
    <ClInclude Include="ContentsEnum.h">
      <Filter>Global</Filter>
    </ClInclude>
    <ClInclude Include="EndingCredit.h">
      <Filter>ContentsObject\End</Filter>
    </ClInclude>
    <ClInclude Include="Room.h">
      <Filter>ContentsObject\Play</Filter>
    </ClInclude>
    <ClInclude Include="PlayGameMode.h">
      <Filter>ContentsObject\Play</Filter>
    </ClInclude>
    <ClInclude Include="TitleGameMode.h">
      <Filter>ContentsObject\Title</Filter>
    </ClInclude>
    <ClInclude Include="EndGameMode.h">
      <Filter>ContentsObject\End</Filter>
    </ClInclude>
    <ClInclude Include="Door.h">
      <Filter>ContentsObject\Play</Filter>
    </ClInclude>
    <ClInclude Include="Tear.h">
      <Filter>ContentsObject\Play</Filter>
    </ClInclude>
    <ClInclude Include="Isaac.h">
      <Filter>ContentsObject\Play</Filter>
    </ClInclude>
    <ClInclude Include="PurpleFly.h">
      <Filter>ContentsObject\Monster</Filter>
    </ClInclude>
    <ClInclude Include="RoundWorm.h">
      <Filter>ContentsObject\Monster</Filter>
    </ClInclude>
    <ClInclude Include="MonsterTear.h">
      <Filter>ContentsObject\Play</Filter>
    </ClInclude>
    <ClInclude Include="Dip.h">
      <Filter>ContentsObject\Monster</Filter>
    </ClInclude>
  </ItemGroup>
</Project>